
Microsoft Visual Studio Solution File, Format Version 12.00
Project("{FAE04EC0-301F-11D3-BF4B-00C04F79EFBC}") = "csharp", "csharp\csharp.csproj", "{FBA96869-1EAD-4081-9F5D-0DDFAAF74A83}"
EndProject
Project("{F2A71F9B-5D33-465A-A702-920D77279786}") = "fsharp", "fsharp\fsharp.fsproj", "{D79E48F4-714B-47B5-B53B-85AF325A47E8}"
EndProject
Project("{FAE04EC0-301F-11D3-BF4B-00C04F79EFBC}") = "runner", "runner\runner.csproj", "{5E999372-2F12-4E50-AB8E-C3F398A0F306}"
EndProject
Project("{FAE04EC0-301F-11D3-BF4B-00C04F79EFBC}") = "web", "web\web.csproj", "{FF5D9233-329E-4CC0-8775-5A43807DEC06}"
EndProject
Project("{2150E333-8FDC-42A3-9474-1A3956D46DE8}") = ".github", ".github", "{8733E99B-5608-42B2-84DD-67EB0A834A30}"
	ProjectSection(SolutionItems) = preProject
		.github\workflows\main.yml = .github\workflows\main.yml
	EndProjectSection
EndProject
Project("{2150E333-8FDC-42A3-9474-1A3956D46DE8}") = ".git", ".git", "{AF8AD20E-6D81-46FA-BD35-43D61A219623}"
	ProjectSection(SolutionItems) = preProject
		.gitignore = .gitignore
	EndProjectSection
EndProject
Global
	GlobalSection(SolutionConfigurationPlatforms) = preSolution
		Debug|Any CPU = Debug|Any CPU
		Release|Any CPU = Release|Any CPU
	EndGlobalSection
	GlobalSection(NestedProjects) = preSolution
	EndGlobalSection
	GlobalSection(ProjectConfigurationPlatforms) = postSolution
		{FBA96869-1EAD-4081-9F5D-0DDFAAF74A83}.Debug|Any CPU.ActiveCfg = Debug|Any CPU
		{FBA96869-1EAD-4081-9F5D-0DDFAAF74A83}.Debug|Any CPU.Build.0 = Debug|Any CPU
		{FBA96869-1EAD-4081-9F5D-0DDFAAF74A83}.Release|Any CPU.ActiveCfg = Release|Any CPU
		{FBA96869-1EAD-4081-9F5D-0DDFAAF74A83}.Release|Any CPU.Build.0 = Release|Any CPU
		{D79E48F4-714B-47B5-B53B-85AF325A47E8}.Debug|Any CPU.ActiveCfg = Debug|Any CPU
		{D79E48F4-714B-47B5-B53B-85AF325A47E8}.Debug|Any CPU.Build.0 = Debug|Any CPU
		{D79E48F4-714B-47B5-B53B-85AF325A47E8}.Release|Any CPU.ActiveCfg = Release|Any CPU
		{D79E48F4-714B-47B5-B53B-85AF325A47E8}.Release|Any CPU.Build.0 = Release|Any CPU
		{5E999372-2F12-4E50-AB8E-C3F398A0F306}.Debug|Any CPU.ActiveCfg = Debug|Any CPU
		{5E999372-2F12-4E50-AB8E-C3F398A0F306}.Debug|Any CPU.Build.0 = Debug|Any CPU
		{5E999372-2F12-4E50-AB8E-C3F398A0F306}.Release|Any CPU.ActiveCfg = Release|Any CPU
		{5E999372-2F12-4E50-AB8E-C3F398A0F306}.Release|Any CPU.Build.0 = Release|Any CPU
		{FF5D9233-329E-4CC0-8775-5A43807DEC06}.Debug|Any CPU.ActiveCfg = Debug|Any CPU
		{FF5D9233-329E-4CC0-8775-5A43807DEC06}.Debug|Any CPU.Build.0 = Debug|Any CPU
		{FF5D9233-329E-4CC0-8775-5A43807DEC06}.Release|Any CPU.ActiveCfg = Release|Any CPU
		{FF5D9233-329E-4CC0-8775-5A43807DEC06}.Release|Any CPU.Build.0 = Release|Any CPU
	EndGlobalSection
EndGlobal
